// !$*UTF8*$!
{
archiveVersion = 1;
classes = {
};
objectVersion = 56;
objects = {

/* Begin PBXBuildFile section */
A10001 /* LiveZoomApp.swift in Sources */ = {isa = PBXBuildFile; fileRef = A20001 /* LiveZoomApp.swift */; };
A10002 /* AppDelegate.swift in Sources */ = {isa = PBXBuildFile; fileRef = A20002 /* AppDelegate.swift */; };
A10003 /* StatusBarController.swift in Sources */ = {isa = PBXBuildFile; fileRef = A20003 /* StatusBarController.swift */; };
A10004 /* HotkeyManager.swift in Sources */ = {isa = PBXBuildFile; fileRef = A20004 /* HotkeyManager.swift */; };
A10005 /* ZoomEngine.swift in Sources */ = {isa = PBXBuildFile; fileRef = A20005 /* ZoomEngine.swift */; };
A10006 /* DrawingEngine.swift in Sources */ = {isa = PBXBuildFile; fileRef = A20006 /* DrawingEngine.swift */; };
		A10010 /* PreferencesWindowController.swift in Sources */ = {isa = PBXBuildFile; fileRef = A20010 /* PreferencesWindowController.swift */; };
		A10011 /* UpdateManager.swift in Sources */ = {isa = PBXBuildFile; fileRef = A20011 /* UpdateManager.swift */; };
A10007 /* Assets.xcassets in Resources */ = {isa = PBXBuildFile; fileRef = A20007 /* Assets.xcassets */; };
/* End PBXBuildFile section */

/* Begin PBXFileReference section */
A30001 /* LiveZoom.app */ = {isa = PBXFileReference; explicitFileType = wrapper.application; includeInIndex = 0; path = LiveZoom.app; sourceTree = BUILT_PRODUCTS_DIR; };
A20001 /* LiveZoomApp.swift */ = {isa = PBXFileReference; lastKnownFileType = sourcecode.swift; path = LiveZoomApp.swift; sourceTree = "<group>"; };
A20002 /* AppDelegate.swift */ = {isa = PBXFileReference; lastKnownFileType = sourcecode.swift; path = AppDelegate.swift; sourceTree = "<group>"; };
A20003 /* StatusBarController.swift */ = {isa = PBXFileReference; lastKnownFileType = sourcecode.swift; path = StatusBarController.swift; sourceTree = "<group>"; };
		A20010 /* PreferencesWindowController.swift */ = {isa = PBXFileReference; lastKnownFileType = sourcecode.swift; path = PreferencesWindowController.swift; sourceTree = "<group>"; };
		A20011 /* UpdateManager.swift */ = {isa = PBXFileReference; lastKnownFileType = sourcecode.swift; path = UpdateManager.swift; sourceTree = "<group>"; };
A20004 /* HotkeyManager.swift */ = {isa = PBXFileReference; lastKnownFileType = sourcecode.swift; path = HotkeyManager.swift; sourceTree = "<group>"; };
A20005 /* ZoomEngine.swift */ = {isa = PBXFileReference; lastKnownFileType = sourcecode.swift; path = ZoomEngine.swift; sourceTree = "<group>"; };
A20006 /* DrawingEngine.swift */ = {isa = PBXFileReference; lastKnownFileType = sourcecode.swift; path = DrawingEngine.swift; sourceTree = "<group>"; };
A20007 /* Assets.xcassets */ = {isa = PBXFileReference; lastKnownFileType = folder.assetcatalog; path = Assets.xcassets; sourceTree = "<group>"; };
A20008 /* Info.plist */ = {isa = PBXFileReference; lastKnownFileType = text.plist.xml; path = Info.plist; sourceTree = "<group>"; };
A20009 /* LiveZoom.entitlements */ = {isa = PBXFileReference; lastKnownFileType = text.plist.entitlements; path = LiveZoom.entitlements; sourceTree = "<group>"; };
/* End PBXFileReference section */

/* Begin PBXFrameworksBuildPhase section */
A40001 /* Frameworks */ = {
isa = PBXFrameworksBuildPhase;
buildActionMask = 2147483647;
files = (
);
runOnlyForDeploymentPostprocessing = 0;
};
/* End PBXFrameworksBuildPhase section */

/* Begin PBXGroup section */
A50001 = {
isa = PBXGroup;
children = (
A50002 /* LiveZoom */,
A50003 /* Products */,
);
sourceTree = "<group>";
};
A50002 /* LiveZoom */ = {
isa = PBXGroup;
children = (
A20001 /* LiveZoomApp.swift */,
A20002 /* AppDelegate.swift */,
A20003 /* StatusBarController.swift */,
				A20010 /* PreferencesWindowController.swift */,
				A20011 /* UpdateManager.swift */,
A20004 /* HotkeyManager.swift */,
A20005 /* ZoomEngine.swift */,
A20006 /* DrawingEngine.swift */,
A20007 /* Assets.xcassets */,
A20008 /* Info.plist */,
A20009 /* LiveZoom.entitlements */,
);
path = LiveZoom;
sourceTree = "<group>";
};
A50003 /* Products */ = {
isa = PBXGroup;
children = (
A30001 /* LiveZoom.app */,
);
name = Products;
sourceTree = "<group>";
};
/* End PBXGroup section */

/* Begin PBXNativeTarget section */
A60001 /* LiveZoom */ = {
isa = PBXNativeTarget;
buildConfigurationList = A70001 /* Build configuration list for PBXNativeTarget "LiveZoom" */;
buildPhases = (
A80001 /* Sources */,
A40001 /* Frameworks */,
A90001 /* Resources */,
);
buildRules = (
);
dependencies = (
);
name = LiveZoom;
productName = LiveZoom;
productReference = A30001 /* LiveZoom.app */;
productType = "com.apple.product-type.application";
};
/* End PBXNativeTarget section */

/* Begin PBXProject section */
AA0001 /* Project object */ = {
isa = PBXProject;
attributes = {
BuildIndependentTargetsInParallel = 1;
LastSwiftUpdateCheck = 1500;
LastUpgradeCheck = 1500;
TargetAttributes = {
A60001 = {
CreatedOnToolsVersion = 15.0;
};
};
};
buildConfigurationList = AB0001 /* Build configuration list for PBXProject "LiveZoom" */;
compatibilityVersion = "Xcode 14.0";
developmentRegion = en;
hasScannedForEncodings = 0;
knownRegions = (
en,
Base,
);
mainGroup = A50001;
productRefGroup = A50003 /* Products */;
projectDirPath = "";
projectRoot = "";
targets = (
A60001 /* LiveZoom */,
);
};
/* End PBXProject section */

/* Begin PBXResourcesBuildPhase section */
A90001 /* Resources */ = {
isa = PBXResourcesBuildPhase;
buildActionMask = 2147483647;
files = (
A10007 /* Assets.xcassets in Resources */,
);
runOnlyForDeploymentPostprocessing = 0;
};
/* End PBXResourcesBuildPhase section */

/* Begin PBXSourcesBuildPhase section */
A80001 /* Sources */ = {
isa = PBXSourcesBuildPhase;
buildActionMask = 2147483647;
files = (
A10001 /* LiveZoomApp.swift in Sources */,
A10002 /* AppDelegate.swift in Sources */,
A10003 /* StatusBarController.swift in Sources */,
				A10010 /* PreferencesWindowController.swift in Sources */,
				A10011 /* UpdateManager.swift in Sources */,
A10004 /* HotkeyManager.swift in Sources */,
A10005 /* ZoomEngine.swift in Sources */,
A10006 /* DrawingEngine.swift in Sources */,
);
runOnlyForDeploymentPostprocessing = 0;
};
/* End PBXSourcesBuildPhase section */

/* Begin XCBuildConfiguration section */
AC0001 /* Debug */ = {
isa = XCBuildConfiguration;
buildSettings = {
ALWAYS_SEARCH_USER_PATHS = NO;
ASSETCATALOG_COMPILER_GENERATE_SWIFT_ASSET_SYMBOL_EXTENSIONS = YES;
CLANG_ANALYZER_NONNULL = YES;
CLANG_ANALYZER_NUMBER_OBJECT_CONVERSION = YES_AGGRESSIVE;
CLANG_CXX_LANGUAGE_STANDARD = "gnu++20";
CLANG_ENABLE_MODULES = YES;
CLANG_ENABLE_OBJC_ARC = YES;
CLANG_ENABLE_OBJC_WEAK = YES;
CLANG_WARN_BLOCK_CAPTURE_AUTORELEASING = YES;
CLANG_WARN_BOOL_CONVERSION = YES;
CLANG_WARN_COMMA = YES;
CLANG_WARN_CONSTANT_CONVERSION = YES;
CLANG_WARN_DEPRECATED_OBJC_IMPLEMENTATIONS = YES;
CLANG_WARN_DIRECT_OBJC_ISA_USAGE = YES_ERROR;
CLANG_WARN_DOCUMENTATION_COMMENTS = YES;
CLANG_WARN_EMPTY_BODY = YES;
CLANG_WARN_ENUM_CONVERSION = YES;
CLANG_WARN_INFINITE_RECURSION = YES;
CLANG_WARN_INT_CONVERSION = YES;
CLANG_WARN_NON_LITERAL_NULL_CONVERSION = YES;
CLANG_WARN_OBJC_IMPLICIT_RETAIN_SELF = YES;
CLANG_WARN_OBJC_LITERAL_CONVERSION = YES;
CLANG_WARN_OBJC_ROOT_CLASS = YES_ERROR;
CLANG_WARN_QUOTED_INCLUDE_IN_FRAMEWORK_HEADER = YES;
CLANG_WARN_RANGE_LOOP_ANALYSIS = YES;
CLANG_WARN_STRICT_PROTOTYPES = YES;
CLANG_WARN_SUSPICIOUS_MOVE = YES;
CLANG_WARN_UNGUARDED_AVAILABILITY = YES_AGGRESSIVE;
CLANG_WARN_UNREACHABLE_CODE = YES;
CLANG_WARN__DUPLICATE_METHOD_MATCH = YES;
COPY_PHASE_STRIP = NO;
DEBUG_INFORMATION_FORMAT = dwarf;
ENABLE_STRICT_OBJC_MSGSEND = YES;
ENABLE_TESTABILITY = YES;
ENABLE_USER_SCRIPT_SANDBOXING = YES;
GCC_C_LANGUAGE_STANDARD = gnu17;
GCC_DYNAMIC_NO_PIC = NO;
GCC_NO_COMMON_BLOCKS = YES;
GCC_OPTIMIZATION_LEVEL = 0;
GCC_PREPROCESSOR_DEFINITIONS = (
"DEBUG=1",
"$(inherited)",
);
GCC_WARN_64_TO_32_BIT_CONVERSION = YES;
GCC_WARN_ABOUT_RETURN_TYPE = YES_ERROR;
GCC_WARN_UNDECLARED_SELECTOR = YES;
GCC_WARN_UNINITIALIZED_AUTOS = YES_AGGRESSIVE;
GCC_WARN_UNUSED_FUNCTION = YES;
GCC_WARN_UNUSED_VARIABLE = YES;
LOCALIZATION_PREFERS_STRING_CATALOGS = YES;
MACOSX_DEPLOYMENT_TARGET = 13.0;
MTL_ENABLE_DEBUG_INFO = INCLUDE_SOURCE;
MTL_FAST_MATH = YES;
ONLY_ACTIVE_ARCH = YES;
SDKROOT = macosx;
SWIFT_ACTIVE_COMPILATION_CONDITIONS = "DEBUG $(inherited)";
SWIFT_OPTIMIZATION_LEVEL = "-Onone";
};
name = Debug;
};
AC0002 /* Release */ = {
isa = XCBuildConfiguration;
buildSettings = {
ALWAYS_SEARCH_USER_PATHS = NO;
ASSETCATALOG_COMPILER_GENERATE_SWIFT_ASSET_SYMBOL_EXTENSIONS = YES;
CLANG_ANALYZER_NONNULL = YES;
CLANG_ANALYZER_NUMBER_OBJECT_CONVERSION = YES_AGGRESSIVE;
CLANG_CXX_LANGUAGE_STANDARD = "gnu++20";
CLANG_ENABLE_MODULES = YES;
CLANG_ENABLE_OBJC_ARC = YES;
CLANG_ENABLE_OBJC_WEAK = YES;
CLANG_WARN_BLOCK_CAPTURE_AUTORELEASING = YES;
CLANG_WARN_BOOL_CONVERSION = YES;
CLANG_WARN_COMMA = YES;
CLANG_WARN_CONSTANT_CONVERSION = YES;
CLANG_WARN_DEPRECATED_OBJC_IMPLEMENTATIONS = YES;
CLANG_WARN_DIRECT_OBJC_ISA_USAGE = YES_ERROR;
CLANG_WARN_DOCUMENTATION_COMMENTS = YES;
CLANG_WARN_EMPTY_BODY = YES;
CLANG_WARN_ENUM_CONVERSION = YES;
CLANG_WARN_INFINITE_RECURSION = YES;
CLANG_WARN_INT_CONVERSION = YES;
CLANG_WARN_NON_LITERAL_NULL_CONVERSION = YES;
CLANG_WARN_OBJC_IMPLICIT_RETAIN_SELF = YES;
CLANG_WARN_OBJC_LITERAL_CONVERSION = YES;
CLANG_WARN_OBJC_ROOT_CLASS = YES_ERROR;
CLANG_WARN_QUOTED_INCLUDE_IN_FRAMEWORK_HEADER = YES;
CLANG_WARN_RANGE_LOOP_ANALYSIS = YES;
CLANG_WARN_STRICT_PROTOTYPES = YES;
CLANG_WARN_SUSPICIOUS_MOVE = YES;
CLANG_WARN_UNGUARDED_AVAILABILITY = YES_AGGRESSIVE;
CLANG_WARN_UNREACHABLE_CODE = YES;
CLANG_WARN__DUPLICATE_METHOD_MATCH = YES;
COPY_PHASE_STRIP = NO;
DEBUG_INFORMATION_FORMAT = "dwarf-with-dsym";
ENABLE_NS_ASSERTIONS = NO;
ENABLE_STRICT_OBJC_MSGSEND = YES;
ENABLE_USER_SCRIPT_SANDBOXING = YES;
GCC_C_LANGUAGE_STANDARD = gnu17;
GCC_NO_COMMON_BLOCKS = YES;
GCC_WARN_64_TO_32_BIT_CONVERSION = YES;
GCC_WARN_ABOUT_RETURN_TYPE = YES_ERROR;
GCC_WARN_UNDECLARED_SELECTOR = YES;
GCC_WARN_UNINITIALIZED_AUTOS = YES_AGGRESSIVE;
GCC_WARN_UNUSED_FUNCTION = YES;
GCC_WARN_UNUSED_VARIABLE = YES;
LOCALIZATION_PREFERS_STRING_CATALOGS = YES;
MACOSX_DEPLOYMENT_TARGET = 13.0;
MTL_ENABLE_DEBUG_INFO = NO;
MTL_FAST_MATH = YES;
SDKROOT = macosx;
SWIFT_COMPILATION_MODE = wholemodule;
};
name = Release;
};
AD0001 /* Debug */ = {
isa = XCBuildConfiguration;
buildSettings = {
ASSETCATALOG_COMPILER_APPICON_NAME = AppIcon;
ASSETCATALOG_COMPILER_GLOBAL_ACCENT_COLOR_NAME = AccentColor;
CODE_SIGN_ENTITLEMENTS = LiveZoom/LiveZoom.entitlements;
CODE_SIGN_STYLE = Automatic;
COMBINE_HIDPI_IMAGES = YES;
CURRENT_PROJECT_VERSION = 1;
DEVELOPMENT_TEAM = "";
ENABLE_HARDENED_RUNTIME = YES;
GENERATE_INFOPLIST_FILE = NO;
INFOPLIST_FILE = LiveZoom/Info.plist;
INFOPLIST_KEY_LSApplicationCategoryType = "public.app-category.utilities";
INFOPLIST_KEY_LSUIElement = YES;
INFOPLIST_KEY_NSHumanReadableCopyright = "";
INFOPLIST_KEY_NSPrincipalClass = NSApplication;
LD_RUNPATH_SEARCH_PATHS = (
"$(inherited)",
"@executable_path/../Frameworks",
);
MARKETING_VERSION = 0.1.0;
PRODUCT_BUNDLE_IDENTIFIER = com.livezoom.LiveZoom;
PRODUCT_NAME = "$(TARGET_NAME)";
SWIFT_EMIT_LOC_STRINGS = YES;
SWIFT_VERSION = 5.0;
};
name = Debug;
};
AD0002 /* Release */ = {
isa = XCBuildConfiguration;
buildSettings = {
ASSETCATALOG_COMPILER_APPICON_NAME = AppIcon;
ASSETCATALOG_COMPILER_GLOBAL_ACCENT_COLOR_NAME = AccentColor;
CODE_SIGN_ENTITLEMENTS = LiveZoom/LiveZoom.entitlements;
CODE_SIGN_STYLE = Automatic;
COMBINE_HIDPI_IMAGES = YES;
CURRENT_PROJECT_VERSION = 1;
DEVELOPMENT_TEAM = "";
ENABLE_HARDENED_RUNTIME = YES;
GENERATE_INFOPLIST_FILE = NO;
INFOPLIST_FILE = LiveZoom/Info.plist;
INFOPLIST_KEY_LSApplicationCategoryType = "public.app-category.utilities";
INFOPLIST_KEY_LSUIElement = YES;
INFOPLIST_KEY_NSHumanReadableCopyright = "";
INFOPLIST_KEY_NSPrincipalClass = NSApplication;
LD_RUNPATH_SEARCH_PATHS = (
"$(inherited)",
"@executable_path/../Frameworks",
);
MARKETING_VERSION = 0.1.0;
PRODUCT_BUNDLE_IDENTIFIER = com.livezoom.LiveZoom;
PRODUCT_NAME = "$(TARGET_NAME)";
SWIFT_EMIT_LOC_STRINGS = YES;
SWIFT_VERSION = 5.0;
};
name = Release;
};
/* End XCBuildConfiguration section */

/* Begin XCConfigurationList section */
AB0001 /* Build configuration list for PBXProject "LiveZoom" */ = {
isa = XCConfigurationList;
buildConfigurations = (
AC0001 /* Debug */,
AC0002 /* Release */,
);
defaultConfigurationIsVisible = 0;
defaultConfigurationName = Release;
};
A70001 /* Build configuration list for PBXNativeTarget "LiveZoom" */ = {
isa = XCConfigurationList;
buildConfigurations = (
AD0001 /* Debug */,
AD0002 /* Release */,
);
defaultConfigurationIsVisible = 0;
defaultConfigurationName = Release;
};
/* End XCConfigurationList section */
};
rootObject = AA0001 /* Project object */;
}
